
Microsoft Visual Studio Solution File, Format Version 12.00
# Visual Studio Version 17
VisualStudioVersion = 17.0.32112.339
MinimumVisualStudioVersion = 10.0.40219.1
Project("{FAE04EC0-301F-11D3-BF4B-00C04F79EFBC}") = "AzureFunctionOpenAPI", "AzureFunctionOpenAPI\AzureFunctionOpenAPI.csproj", "{E498DB2F-F3D0-4B2B-961F-F5D624244E53}"
EndProject
Global
	GlobalSection(SolutionConfigurationPlatforms) = preSolution
		Debug|Any CPU = Debug|Any CPU
		Release|Any CPU = Release|Any CPU
	EndGlobalSection
	GlobalSection(ProjectConfigurationPlatforms) = postSolution
		{E498DB2F-F3D0-4B2B-961F-F5D624244E53}.Debug|Any CPU.ActiveCfg = Debug|Any CPU
		{E498DB2F-F3D0-4B2B-961F-F5D624244E53}.Debug|Any CPU.Build.0 = Debug|Any CPU
		{E498DB2F-F3D0-4B2B-961F-F5D624244E53}.Release|Any CPU.ActiveCfg = Release|Any CPU
		{E498DB2F-F3D0-4B2B-961F-F5D624244E53}.Release|Any CPU.Build.0 = Release|Any CPU
	EndGlobalSection
	GlobalSection(SolutionProperties) = preSolution
		HideSolutionNode = FALSE
	EndGlobalSection
	GlobalSection(ExtensibilityGlobals) = postSolution
		SolutionGuid = {4FE7DCAB-C94E-4694-BD3E-FFD0E0B95DE9}
	EndGlobalSection
EndGlobal
